{
  "version": 4,
  "terraform_version": "1.5.7",
  "serial": 6,
  "lineage": "7a591625-6880-87eb-39d7-83a0545c4697",
  "outputs": {},
  "resources": [
    {
      "module": "module.nafiur_vpc_module",
      "mode": "managed",
      "type": "aws_vpc",
      "name": "name",
      "provider": "provider[\"registry.terraform.io/hashicorp/aws\"]",
      "instances": [
        {
          "schema_version": 1,
          "attributes": {
            "arn": "arn:aws:ec2:us-west-1:000923488083:vpc/vpc-0312b953c31f33805",
            "assign_generated_ipv6_cidr_block": false,
            "cidr_block": "10.1.0.0/16",
            "default_network_acl_id": "acl-0d0b65dffa33d7a6b",
            "default_route_table_id": "rtb-0a8ab572a4128b61f",
            "default_security_group_id": "sg-0caab7fd6c7baaab9",
            "dhcp_options_id": "dopt-ccc32eaa",
            "enable_dns_hostnames": false,
            "enable_dns_support": true,
            "enable_network_address_usage_metrics": false,
            "id": "vpc-0312b953c31f33805",
            "instance_tenancy": "default",
            "ipv4_ipam_pool_id": null,
            "ipv4_netmask_length": null,
            "ipv6_association_id": "",
            "ipv6_cidr_block": "",
            "ipv6_cidr_block_network_border_group": "",
            "ipv6_ipam_pool_id": "",
            "ipv6_netmask_length": 0,
            "main_route_table_id": "rtb-0a8ab572a4128b61f",
            "owner_id": "000923488083",
            "tags": {
              "Name": "nafiur_vpc"
            },
            "tags_all": {
              "Name": "nafiur_vpc"
            }
          },
          "sensitive_attributes": [],
          "private": "eyJzY2hlbWFfdmVyc2lvbiI6IjEifQ=="
        }
      ]
    }
  ],
  "check_results": null
}
